
Microsoft Visual Studio Solution File, Format Version 12.00
# Visual Studio Version 17
VisualStudioVersion = 17.9.34902.65
MinimumVisualStudioVersion = 10.0.40219.1
Project("{9A19103F-16F7-4668-BE54-9A1E7A4F7556}") = "Digger", "Digger.csproj", "{F62900FE-8311-4262-80C1-306F98E71BFB}"
EndProject
Global
	GlobalSection(SolutionConfigurationPlatforms) = preSolution
		Debug|Any CPU = Debug|Any CPU
		Release|Any CPU = Release|Any CPU
	EndGlobalSection
	GlobalSection(ProjectConfigurationPlatforms) = postSolution
		{F62900FE-8311-4262-80C1-306F98E71BFB}.Debug|Any CPU.ActiveCfg = Debug|Any CPU
		{F62900FE-8311-4262-80C1-306F98E71BFB}.Debug|Any CPU.Build.0 = Debug|Any CPU
		{F62900FE-8311-4262-80C1-306F98E71BFB}.Release|Any CPU.ActiveCfg = Release|Any CPU
		{F62900FE-8311-4262-80C1-306F98E71BFB}.Release|Any CPU.Build.0 = Release|Any CPU
	EndGlobalSection
	GlobalSection(SolutionProperties) = preSolution
		HideSolutionNode = FALSE
	EndGlobalSection
	GlobalSection(ExtensibilityGlobals) = postSolution
		SolutionGuid = {CAA5921F-470E-4A72-AF7E-95918213606B}
	EndGlobalSection
EndGlobal
